
Microsoft Visual Studio Solution File, Format Version 12.00
# Visual Studio Version 17
VisualStudioVersion = 17.10.35027.167
MinimumVisualStudioVersion = 10.0.40219.1
Project("{8BC9CEB8-8B4A-11D0-8D11-00A0C91BC942}") = "baekjoon", "baekjoon\baekjoon.vcxproj", "{70BAAA6C-2E7E-4E6B-8AFC-28793F137078}"
EndProject
Global
	GlobalSection(SolutionConfigurationPlatforms) = preSolution
		Debug|x64 = Debug|x64
		Debug|x86 = Debug|x86
		Release|x64 = Release|x64
		Release|x86 = Release|x86
	EndGlobalSection
	GlobalSection(ProjectConfigurationPlatforms) = postSolution
		{70BAAA6C-2E7E-4E6B-8AFC-28793F137078}.Debug|x64.ActiveCfg = Debug|x64
		{70BAAA6C-2E7E-4E6B-8AFC-28793F137078}.Debug|x64.Build.0 = Debug|x64
		{70BAAA6C-2E7E-4E6B-8AFC-28793F137078}.Debug|x86.ActiveCfg = Debug|Win32
		{70BAAA6C-2E7E-4E6B-8AFC-28793F137078}.Debug|x86.Build.0 = Debug|Win32
		{70BAAA6C-2E7E-4E6B-8AFC-28793F137078}.Release|x64.ActiveCfg = Release|x64
		{70BAAA6C-2E7E-4E6B-8AFC-28793F137078}.Release|x64.Build.0 = Release|x64
		{70BAAA6C-2E7E-4E6B-8AFC-28793F137078}.Release|x86.ActiveCfg = Release|Win32
		{70BAAA6C-2E7E-4E6B-8AFC-28793F137078}.Release|x86.Build.0 = Release|Win32
	EndGlobalSection
	GlobalSection(SolutionProperties) = preSolution
		HideSolutionNode = FALSE
	EndGlobalSection
	GlobalSection(ExtensibilityGlobals) = postSolution
		SolutionGuid = {7A9C7E02-9E3E-4896-B4A4-D3AA5CE3A3F5}
	EndGlobalSection
EndGlobal
